
Microsoft Visual Studio Solution File, Format Version 12.00
# Visual Studio Version 17
VisualStudioVersion = 17.4.33205.214
MinimumVisualStudioVersion = 10.0.40219.1
Project("{FAE04EC0-301F-11D3-BF4B-00C04F79EFBC}") = "CSharp_NumberConvertToWord", "CSharp_NumberConvertToWord\CSharp_NumberConvertToWord.csproj", "{8AFEB030-8CC2-4B6E-8C96-5A52E6F3E621}"
EndProject
Global
	GlobalSection(SolutionConfigurationPlatforms) = preSolution
		Debug|Any CPU = Debug|Any CPU
		Release|Any CPU = Release|Any CPU
	EndGlobalSection
	GlobalSection(ProjectConfigurationPlatforms) = postSolution
		{8AFEB030-8CC2-4B6E-8C96-5A52E6F3E621}.Debug|Any CPU.ActiveCfg = Debug|Any CPU
		{8AFEB030-8CC2-4B6E-8C96-5A52E6F3E621}.Debug|Any CPU.Build.0 = Debug|Any CPU
		{8AFEB030-8CC2-4B6E-8C96-5A52E6F3E621}.Release|Any CPU.ActiveCfg = Release|Any CPU
		{8AFEB030-8CC2-4B6E-8C96-5A52E6F3E621}.Release|Any CPU.Build.0 = Release|Any CPU
	EndGlobalSection
	GlobalSection(SolutionProperties) = preSolution
		HideSolutionNode = FALSE
	EndGlobalSection
	GlobalSection(ExtensibilityGlobals) = postSolution
		SolutionGuid = {73F16741-DC9E-4C62-B1ED-31FE69588A76}
	EndGlobalSection
EndGlobal
